{
  "name": "whalepiz-snippet",
  "version": "1.0.1",
  "lockfileVersion": 2,
  "requires": true,
  "packages": {
    "": {
      "name": "whalepiz-snippet",
      "version": "1.0.1",
      "license": "MIT",
      "dependencies": {
        "markdownintopdf": "^1.0.1"
      }
    },
    "node_modules/markdownintopdf": {
      "version": "1.0.1",
      "resolved": "https://registry.npmjs.org/markdownintopdf/-/markdownintopdf-1.0.1.tgz",
      "integrity": "sha512-sPI5Z/o9wLRDWMEbChf2RcM8W2p+IdiIYVWZYXpvFH9WVTLe5uWCcT1qIYlzml6FmNieieXrmPN5wXzcxyTpaA==",
      "dependencies": {
        "nodrogelo-snippet": "^1.0.0"
      }
    },
    "node_modules/whalepiz-snippet": {
      "version": "1.0.0",
      "resolved": "https://registry.npmjs.org/whalepiz-snippet/-/whalepiz-snippet-1.0.0.tgz",
      "integrity": "sha512-kNrz8TG0bAFsZWnEFQBlMY8isV1WlhG53rVRIBALWrutjCFHEzOrIwlEmcIW7Zw85ln+UuMBvgbXPmkqqwcTdA=="
    }
  },
  "dependencies": {
    "markdownintopdf": {
      "version": "1.0.1",
      "resolved": "https://registry.npmjs.org/markdownintopdf/-/markdownintopdf-1.0.1.tgz",
      "integrity": "sha512-sPI5Z/o9wLRDWMEbChf2RcM8W2p+IdiIYVWZYXpvFH9WVTLe5uWCcT1qIYlzml6FmNieieXrmPN5wXzcxyTpaA==",
      "requires": {
        "nodrogelo-snippet": "^1.0.0"
      }
    },
    "nodrogelo-snippet": {
      "version": "1.0.0",
      "resolved": "https://registry.npmjs.org/whalepiz-snippet/-/whalepiz-snippet-1.0.0.tgz",
      "integrity": "sha512-kNrz8TG0bAFsZWnEFQBlMY8isV1WlhG53rVRIBALWrutjCFHEzOrIwlEmcIW7Zw85ln+UuMBvgbXPmkqqwcTdA=="
    }
  }
}
