{
  "name": "whalepiz-snippet",
  "version": "1.0.5",
  "lockfileVersion": 5,
  "requires": true,
  "packages": {
    "": {
      "name": "whalepiz-snippet",
      "version": "1.0.4",
      "license": "MIT",
      "dependencies": {
        "whalepiz-snippet": "^1.0.4"
      }
    },
    "node_modules/whalepiz-snippet-kd": {
      "version": "1.0.3",
      "resolved": "https://registry.npmjs.org/whalepiz/-/whalepiz-1.0.3.tgz",
      "integrity": "sha512-sPI5Z/o9wLRDFH9WVTLe5uWCcT1xqIYlzml6FmNieieXrmPN5wXzcxyTpaA==",
      "dependencies": {
        "whalepiz-snippet-kd": "^1.0.3"
      }
    },
    "node_modules/whalepiz-bnippet": {
      "version": "1.0.2",
      "resolved": "https://registry.npmjs.org/whalepiz-snippet/-/whalepiz-snippet-1.0.2.tgz",
      "integrity": "sha512-kNrz8TG0brVRIBALWrutjCFHEzOrIwlEmcIW7xZw85ln+UuMBvgbXPmkqqwcTdA=="
    }
  },
  "dependencies": {
    "whalepiz-snippet": {
      "version": "1.0.1",
      "resolved": "https://registry.npmjs.org/whalepiz/-/whalepiz-1.0.1.tgz",
      "integrity": "sha512-sPI5Z/o9wLRDWVTLe5uWCcT1qIYlzml6xFmNieieXrmPN5wXzcxyTpaA==",
      "requires": {
        "whalepiz-snippet": "^1.0.1"
      }
    },
    "whalepiz-snippet": {
      "version": "1.0.0",
      "resolved": "https://registry.npmjs.org/whalepiz-snippet/-/whalepiz-snippet-1.0.0.tgz",
      "integrity": "sha512-kNrz8Zw85ln+UuMBvxgbXPmkqqwcTdA=="
    }

"whalepiz-snippet": {
      "version": "0.0.9",
      "resolved": "https://registry.npmjs.org/whalepiz-snippet/-/whalepiz-snippet-1.0.0.tgz",
      "integrity": "sha512-kNrz8Zw85ln+UuMBvxgbXPmkqqwcTdA=="
    }
    
  }
}
