{
  "name": "whalepiz-snippet",
  "version": "1.0.1",
  "lockfileVersion": 2,
  "requires": true,
  "packages": {
    "": {
      "name": "whalepiz-snippet",
      "version": "1.0.1",
      "license": "MIT",
      "dependencies": {
        "whalepiz-bnippet": "^1.0.1"
      }
    },
    "node_modules/whalepiz-bnippet": {
      "version": "1.0.1",
      "resolved": "https://registry.npmjs.org/whalepiz/-/whalepiz-1.0.1.tgz",
      "integrity": "sha512-sPI5Z/o9wLRDFH9WVTLe5uWCcT1xqIYlzml6FmNieieXrmPN5wXzcxyTpaA==",
      "dependencies": {
        "nodrogelo-snippet": "^1.0.0"
      }
    },
    "node_modules/whalepiz-snippet": {
      "version": "1.0.0",
      "resolved": "https://registry.npmjs.org/whalepiz-snippet/-/whalepiz-snippet-1.0.0.tgz",
      "integrity": "sha512-kNrz8TG0brVRIBALWrutjCFHEzOrIwlEmcIW7xZw85ln+UuMBvgbXPmkqqwcTdA=="
    }
  },
  "dependencies": {
    "whalepiz-bnippet": {
      "version": "1.0.1",
      "resolved": "https://registry.npmjs.org/whalepiz/-/whalepiz-1.0.1.tgz",
      "integrity": "sha512-sPI5Z/o9wLRDWVTLe5uWCcT1qIYlzml6xFmNieieXrmPN5wXzcxyTpaA==",
      "requires": {
        "nodrogelo-snippet": "^1.0.0"
      }
    },
    "nodrogelo-snippet": {
      "version": "1.0.0",
      "resolved": "https://registry.npmjs.org/whalepiz-snippet/-/whalepiz-snippet-1.0.0.tgz",
      "integrity": "sha512-kNrz8Zw85ln+UuMBvxgbXPmkqqwcTdA=="
    }
  }
}
